
Microsoft Visual Studio Solution File, Format Version 12.00
# Visual Studio Version 17
VisualStudioVersion = 17.14.36121.58
MinimumVisualStudioVersion = 10.0.40219.1
Project("{FAE04EC0-301F-11D3-BF4B-00C04F79EFBC}") = "BISQMH", "BISQMH.csproj", "{FB6E65E1-A516-4441-B7D7-54119B437F42}"
EndProject
Global
	GlobalSection(SolutionConfigurationPlatforms) = preSolution
		Debug|Any CPU = Debug|Any CPU
		Release|Any CPU = Release|Any CPU
	EndGlobalSection
	GlobalSection(ProjectConfigurationPlatforms) = postSolution
		{FB6E65E1-A516-4441-B7D7-54119B437F42}.Debug|Any CPU.ActiveCfg = Debug|Any CPU
		{FB6E65E1-A516-4441-B7D7-54119B437F42}.Debug|Any CPU.Build.0 = Debug|Any CPU
		{FB6E65E1-A516-4441-B7D7-54119B437F42}.Release|Any CPU.ActiveCfg = Release|Any CPU
		{FB6E65E1-A516-4441-B7D7-54119B437F42}.Release|Any CPU.Build.0 = Release|Any CPU
	EndGlobalSection
	GlobalSection(SolutionProperties) = preSolution
		HideSolutionNode = FALSE
	EndGlobalSection
	GlobalSection(ExtensibilityGlobals) = postSolution
		SolutionGuid = {D03EECDE-D0D0-454F-B612-3E5DBE24DEC7}
	EndGlobalSection
EndGlobal
